// !$*UTF8*$!
{
	archiveVersion = 1;
	classes = {
	};
	objectVersion = 46;
	objects = {

/* Begin PBXBuildFile section */
		1ABE059A1B0C404800329298 /* main.m in Sources */ = {isa = PBXBuildFile; fileRef = 1ABE05991B0C404800329298 /* main.m */; };
		1ABE059D1B0C404800329298 /* AppDelegate.m in Sources */ = {isa = PBXBuildFile; fileRef = 1ABE059C1B0C404800329298 /* AppDelegate.m */; };
		1ABE05A01B0C404800329298 /* ViewController.m in Sources */ = {isa = PBXBuildFile; fileRef = 1ABE059F1B0C404800329298 /* ViewController.m */; };
		1ABE05A31B0C404800329298 /* Main.storyboard in Resources */ = {isa = PBXBuildFile; fileRef = 1ABE05A11B0C404800329298 /* Main.storyboard */; };
		1ABE05A51B0C404800329298 /* Images.xcassets in Resources */ = {isa = PBXBuildFile; fileRef = 1ABE05A41B0C404800329298 /* Images.xcassets */; };
		1ABE05A81B0C404800329298 /* LaunchScreen.xib in Resources */ = {isa = PBXBuildFile; fileRef = 1ABE05A61B0C404800329298 /* LaunchScreen.xib */; };
		1ABE05B41B0C404800329298 /* FoosBallTests.m in Sources */ = {isa = PBXBuildFile; fileRef = 1ABE05B31B0C404800329298 /* FoosBallTests.m */; };
/* End PBXBuildFile section */

/* Begin PBXContainerItemProxy section */
		1ABE05AE1B0C404800329298 /* PBXContainerItemProxy */ = {
			isa = PBXContainerItemProxy;
			containerPortal = 1ABE058C1B0C404800329298 /* Project object */;
			proxyType = 1;
			remoteGlobalIDString = 1ABE05931B0C404800329298;
			remoteInfo = FoosBall;
		};
/* End PBXContainerItemProxy section */

/* Begin PBXFileReference section */
		1ABE05941B0C404800329298 /* FoosBall.app */ = {isa = PBXFileReference; explicitFileType = wrapper.application; includeInIndex = 0; path = FoosBall.app; sourceTree = BUILT_PRODUCTS_DIR; };
		1ABE05981B0C404800329298 /* Info.plist */ = {isa = PBXFileReference; lastKnownFileType = text.plist.xml; path = Info.plist; sourceTree = "<group>"; };
		1ABE05991B0C404800329298 /* main.m */ = {isa = PBXFileReference; lastKnownFileType = sourcecode.c.objc; path = main.m; sourceTree = "<group>"; };
		1ABE059B1B0C404800329298 /* AppDelegate.h */ = {isa = PBXFileReference; lastKnownFileType = sourcecode.c.h; path = AppDelegate.h; sourceTree = "<group>"; };
		1ABE059C1B0C404800329298 /* AppDelegate.m */ = {isa = PBXFileReference; lastKnownFileType = sourcecode.c.objc; path = AppDelegate.m; sourceTree = "<group>"; };
		1ABE059E1B0C404800329298 /* ViewController.h */ = {isa = PBXFileReference; lastKnownFileType = sourcecode.c.h; path = ViewController.h; sourceTree = "<group>"; };
		1ABE059F1B0C404800329298 /* ViewController.m */ = {isa = PBXFileReference; lastKnownFileType = sourcecode.c.objc; path = ViewController.m; sourceTree = "<group>"; };
		1ABE05A21B0C404800329298 /* Base */ = {isa = PBXFileReference; lastKnownFileType = file.storyboard; name = Base; path = Base.lproj/Main.storyboard; sourceTree = "<group>"; };
		1ABE05A41B0C404800329298 /* Images.xcassets */ = {isa = PBXFileReference; lastKnownFileType = folder.assetcatalog; path = Images.xcassets; sourceTree = "<group>"; };
		1ABE05A71B0C404800329298 /* Base */ = {isa = PBXFileReference; lastKnownFileType = file.xib; name = Base; path = Base.lproj/LaunchScreen.xib; sourceTree = "<group>"; };
		1ABE05AD1B0C404800329298 /* FoosBallTests.xctest */ = {isa = PBXFileReference; explicitFileType = wrapper.cfbundle; includeInIndex = 0; path = FoosBallTests.xctest; sourceTree = BUILT_PRODUCTS_DIR; };
		1ABE05B21B0C404800329298 /* Info.plist */ = {isa = PBXFileReference; lastKnownFileType = text.plist.xml; path = Info.plist; sourceTree = "<group>"; };
		1ABE05B31B0C404800329298 /* FoosBallTests.m */ = {isa = PBXFileReference; lastKnownFileType = sourcecode.c.objc; path = FoosBallTests.m; sourceTree = "<group>"; };
/* End PBXFileReference section */

/* Begin PBXFrameworksBuildPhase section */
		1ABE05911B0C404800329298 /* Frameworks */ = {
			isa = PBXFrameworksBuildPhase;
			buildActionMask = 2147483647;
			files = (
			);
			runOnlyForDeploymentPostprocessing = 0;
		};
		1ABE05AA1B0C404800329298 /* Frameworks */ = {
			isa = PBXFrameworksBuildPhase;
			buildActionMask = 2147483647;
			files = (
			);
			runOnlyForDeploymentPostprocessing = 0;
		};
/* End PBXFrameworksBuildPhase section */

/* Begin PBXGroup section */
		1ABE058B1B0C404800329298 = {
			isa = PBXGroup;
			children = (
				1ABE05961B0C404800329298 /* FoosBall */,
				1ABE05B01B0C404800329298 /* FoosBallTests */,
				1ABE05951B0C404800329298 /* Products */,
			);
			sourceTree = "<group>";
		};
		1ABE05951B0C404800329298 /* Products */ = {
			isa = PBXGroup;
			children = (
				1ABE05941B0C404800329298 /* FoosBall.app */,
				1ABE05AD1B0C404800329298 /* FoosBallTests.xctest */,
			);
			name = Products;
			sourceTree = "<group>";
		};
		1ABE05961B0C404800329298 /* FoosBall */ = {
			isa = PBXGroup;
			children = (
				1ABE059B1B0C404800329298 /* AppDelegate.h */,
				1ABE059C1B0C404800329298 /* AppDelegate.m */,
				1ABE059E1B0C404800329298 /* ViewController.h */,
				1ABE059F1B0C404800329298 /* ViewController.m */,
				1ABE05A11B0C404800329298 /* Main.storyboard */,
				1ABE05A41B0C404800329298 /* Images.xcassets */,
				1ABE05A61B0C404800329298 /* LaunchScreen.xib */,
				1ABE05971B0C404800329298 /* Supporting Files */,
			);
			path = FoosBall;
			sourceTree = "<group>";
		};
		1ABE05971B0C404800329298 /* Supporting Files */ = {
			isa = PBXGroup;
			children = (
				1ABE05981B0C404800329298 /* Info.plist */,
				1ABE05991B0C404800329298 /* main.m */,
			);
			name = "Supporting Files";
			sourceTree = "<group>";
		};
		1ABE05B01B0C404800329298 /* FoosBallTests */ = {
			isa = PBXGroup;
			children = (
				1ABE05B31B0C404800329298 /* FoosBallTests.m */,
				1ABE05B11B0C404800329298 /* Supporting Files */,
			);
			path = FoosBallTests;
			sourceTree = "<group>";
		};
		1ABE05B11B0C404800329298 /* Supporting Files */ = {
			isa = PBXGroup;
			children = (
				1ABE05B21B0C404800329298 /* Info.plist */,
			);
			name = "Supporting Files";
			sourceTree = "<group>";
		};
/* End PBXGroup section */

/* Begin PBXNativeTarget section */
		1ABE05931B0C404800329298 /* FoosBall */ = {
			isa = PBXNativeTarget;
			buildConfigurationList = 1ABE05B71B0C404800329298 /* Build configuration list for PBXNativeTarget "FoosBall" */;
			buildPhases = (
				1ABE05901B0C404800329298 /* Sources */,
				1ABE05911B0C404800329298 /* Frameworks */,
				1ABE05921B0C404800329298 /* Resources */,
			);
			buildRules = (
			);
			dependencies = (
			);
			name = FoosBall;
			productName = FoosBall;
			productReference = 1ABE05941B0C404800329298 /* FoosBall.app */;
			productType = "com.apple.product-type.application";
		};
		1ABE05AC1B0C404800329298 /* FoosBallTests */ = {
			isa = PBXNativeTarget;
			buildConfigurationList = 1ABE05BA1B0C404800329298 /* Build configuration list for PBXNativeTarget "FoosBallTests" */;
			buildPhases = (
				1ABE05A91B0C404800329298 /* Sources */,
				1ABE05AA1B0C404800329298 /* Frameworks */,
				1ABE05AB1B0C404800329298 /* Resources */,
			);
			buildRules = (
			);
			dependencies = (
				1ABE05AF1B0C404800329298 /* PBXTargetDependency */,
			);
			name = FoosBallTests;
			productName = FoosBallTests;
			productReference = 1ABE05AD1B0C404800329298 /* FoosBallTests.xctest */;
			productType = "com.apple.product-type.bundle.unit-test";
		};
/* End PBXNativeTarget section */

/* Begin PBXProject section */
		1ABE058C1B0C404800329298 /* Project object */ = {
			isa = PBXProject;
			attributes = {
				LastUpgradeCheck = 0630;
				ORGANIZATIONNAME = kamlesh;
				TargetAttributes = {
					1ABE05931B0C404800329298 = {
						CreatedOnToolsVersion = 6.3.1;
					};
					1ABE05AC1B0C404800329298 = {
						CreatedOnToolsVersion = 6.3.1;
						TestTargetID = 1ABE05931B0C404800329298;
					};
				};
			};
			buildConfigurationList = 1ABE058F1B0C404800329298 /* Build configuration list for PBXProject "FoosBall" */;
			compatibilityVersion = "Xcode 3.2";
			developmentRegion = English;
			hasScannedForEncodings = 0;
			knownRegions = (
				en,
				Base,
			);
			mainGroup = 1ABE058B1B0C404800329298;
			productRefGroup = 1ABE05951B0C404800329298 /* Products */;
			projectDirPath = "";
			projectRoot = "";
			targets = (
				1ABE05931B0C404800329298 /* FoosBall */,
				1ABE05AC1B0C404800329298 /* FoosBallTests */,
			);
		};
/* End PBXProject section */

/* Begin PBXResourcesBuildPhase section */
		1ABE05921B0C404800329298 /* Resources */ = {
			isa = PBXResourcesBuildPhase;
			buildActionMask = 2147483647;
			files = (
				1ABE05A31B0C404800329298 /* Main.storyboard in Resources */,
				1ABE05A81B0C404800329298 /* LaunchScreen.xib in Resources */,
				1ABE05A51B0C404800329298 /* Images.xcassets in Resources */,
			);
			runOnlyForDeploymentPostprocessing = 0;
		};
		1ABE05AB1B0C404800329298 /* Resources */ = {
			isa = PBXResourcesBuildPhase;
			buildActionMask = 2147483647;
			files = (
			);
			runOnlyForDeploymentPostprocessing = 0;
		};
/* End PBXResourcesBuildPhase section */

/* Begin PBXSourcesBuildPhase section */
		1ABE05901B0C404800329298 /* Sources */ = {
			isa = PBXSourcesBuildPhase;
			buildActionMask = 2147483647;
			files = (
				1ABE05A01B0C404800329298 /* ViewController.m in Sources */,
				1ABE059D1B0C404800329298 /* AppDelegate.m in Sources */,
				1ABE059A1B0C404800329298 /* main.m in Sources */,
			);
			runOnlyForDeploymentPostprocessing = 0;
		};
		1ABE05A91B0C404800329298 /* Sources */ = {
			isa = PBXSourcesBuildPhase;
			buildActionMask = 2147483647;
			files = (
				1ABE05B41B0C404800329298 /* FoosBallTests.m in Sources */,
			);
			runOnlyForDeploymentPostprocessing = 0;
		};
/* End PBXSourcesBuildPhase section */

/* Begin PBXTargetDependency section */
		1ABE05AF1B0C404800329298 /* PBXTargetDependency */ = {
			isa = PBXTargetDependency;
			target = 1ABE05931B0C404800329298 /* FoosBall */;
			targetProxy = 1ABE05AE1B0C404800329298 /* PBXContainerItemProxy */;
		};
/* End PBXTargetDependency section */

/* Begin PBXVariantGroup section */
		1ABE05A11B0C404800329298 /* Main.storyboard */ = {
			isa = PBXVariantGroup;
			children = (
				1ABE05A21B0C404800329298 /* Base */,
			);
			name = Main.storyboard;
			sourceTree = "<group>";
		};
		1ABE05A61B0C404800329298 /* LaunchScreen.xib */ = {
			isa = PBXVariantGroup;
			children = (
				1ABE05A71B0C404800329298 /* Base */,
			);
			name = LaunchScreen.xib;
			sourceTree = "<group>";
		};
/* End PBXVariantGroup section */

/* Begin XCBuildConfiguration section */
		1ABE05B51B0C404800329298 /* Debug */ = {
			isa = XCBuildConfiguration;
			buildSettings = {
				ALWAYS_SEARCH_USER_PATHS = NO;
				CLANG_CXX_LANGUAGE_STANDARD = "gnu++0x";
				CLANG_CXX_LIBRARY = "libc++";
				CLANG_ENABLE_MODULES = YES;
				CLANG_ENABLE_OBJC_ARC = YES;
				CLANG_WARN_BOOL_CONVERSION = YES;
				CLANG_WARN_CONSTANT_CONVERSION = YES;
				CLANG_WARN_DIRECT_OBJC_ISA_USAGE = YES_ERROR;
				CLANG_WARN_EMPTY_BODY = YES;
				CLANG_WARN_ENUM_CONVERSION = YES;
				CLANG_WARN_INT_CONVERSION = YES;
				CLANG_WARN_OBJC_ROOT_CLASS = YES_ERROR;
				CLANG_WARN_UNREACHABLE_CODE = YES;
				CLANG_WARN__DUPLICATE_METHOD_MATCH = YES;
				"CODE_SIGN_IDENTITY[sdk=iphoneos*]" = "iPhone Developer";
				COPY_PHASE_STRIP = NO;
				DEBUG_INFORMATION_FORMAT = "dwarf-with-dsym";
				ENABLE_STRICT_OBJC_MSGSEND = YES;
				GCC_C_LANGUAGE_STANDARD = gnu99;
				GCC_DYNAMIC_NO_PIC = NO;
				GCC_NO_COMMON_BLOCKS = YES;
				GCC_OPTIMIZATION_LEVEL = 0;
				GCC_PREPROCESSOR_DEFINITIONS = (
					"DEBUG=1",
					"$(inherited)",
				);
				GCC_SYMBOLS_PRIVATE_EXTERN = NO;
				GCC_WARN_64_TO_32_BIT_CONVERSION = YES;
				GCC_WARN_ABOUT_RETURN_TYPE = YES_ERROR;
				GCC_WARN_UNDECLARED_SELECTOR = YES;
				GCC_WARN_UNINITIALIZED_AUTOS = YES_AGGRESSIVE;
				GCC_WARN_UNUSED_FUNCTION = YES;
				GCC_WARN_UNUSED_VARIABLE = YES;
				IPHONEOS_DEPLOYMENT_TARGET = 8.3;
				MTL_ENABLE_DEBUG_INFO = YES;
				ONLY_ACTIVE_ARCH = YES;
				SDKROOT = iphoneos;
			};
			name = Debug;
		};
		1ABE05B61B0C404800329298 /* Release */ = {
			isa = XCBuildConfiguration;
			buildSettings = {
				ALWAYS_SEARCH_USER_PATHS = NO;
				CLANG_CXX_LANGUAGE_STANDARD = "gnu++0x";
				CLANG_CXX_LIBRARY = "libc++";
				CLANG_ENABLE_MODULES = YES;
				CLANG_ENABLE_OBJC_ARC = YES;
				CLANG_WARN_BOOL_CONVERSION = YES;
				CLANG_WARN_CONSTANT_CONVERSION = YES;
				CLANG_WARN_DIRECT_OBJC_ISA_USAGE = YES_ERROR;
				CLANG_WARN_EMPTY_BODY = YES;
				CLANG_WARN_ENUM_CONVERSION = YES;
				CLANG_WARN_INT_CONVERSION = YES;
				CLANG_WARN_OBJC_ROOT_CLASS = YES_ERROR;
				CLANG_WARN_UNREACHABLE_CODE = YES;
				CLANG_WARN__DUPLICATE_METHOD_MATCH = YES;
				"CODE_SIGN_IDENTITY[sdk=iphoneos*]" = "iPhone Developer";
				COPY_PHASE_STRIP = NO;
				DEBUG_INFORMATION_FORMAT = "dwarf-with-dsym";
				ENABLE_NS_ASSERTIONS = NO;
				ENABLE_STRICT_OBJC_MSGSEND = YES;
				GCC_C_LANGUAGE_STANDARD = gnu99;
				GCC_NO_COMMON_BLOCKS = YES;
				GCC_WARN_64_TO_32_BIT_CONVERSION = YES;
				GCC_WARN_ABOUT_RETURN_TYPE = YES_ERROR;
				GCC_WARN_UNDECLARED_SELECTOR = YES;
				GCC_WARN_UNINITIALIZED_AUTOS = YES_AGGRESSIVE;
				GCC_WARN_UNUSED_FUNCTION = YES;
				GCC_WARN_UNUSED_VARIABLE = YES;
				IPHONEOS_DEPLOYMENT_TARGET = 8.3;
				MTL_ENABLE_DEBUG_INFO = NO;
				SDKROOT = iphoneos;
				VALIDATE_PRODUCT = YES;
			};
			name = Release;
		};
		1ABE05B81B0C404800329298 /* Debug */ = {
			isa = XCBuildConfiguration;
			buildSettings = {
				ASSETCATALOG_COMPILER_APPICON_NAME = AppIcon;
				INFOPLIST_FILE = FoosBall/Info.plist;
				LD_RUNPATH_SEARCH_PATHS = "$(inherited) @executable_path/Frameworks";
				PRODUCT_NAME = "$(TARGET_NAME)";
			};
			name = Debug;
		};
		1ABE05B91B0C404800329298 /* Release */ = {
			isa = XCBuildConfiguration;
			buildSettings = {
				ASSETCATALOG_COMPILER_APPICON_NAME = AppIcon;
				INFOPLIST_FILE = FoosBall/Info.plist;
				LD_RUNPATH_SEARCH_PATHS = "$(inherited) @executable_path/Frameworks";
				PRODUCT_NAME = "$(TARGET_NAME)";
			};
			name = Release;
		};
		1ABE05BB1B0C404800329298 /* Debug */ = {
			isa = XCBuildConfiguration;
			buildSettings = {
				BUNDLE_LOADER = "$(TEST_HOST)";
				FRAMEWORK_SEARCH_PATHS = (
					"$(SDKROOT)/Developer/Library/Frameworks",
					"$(inherited)",
				);
				GCC_PREPROCESSOR_DEFINITIONS = (
					"DEBUG=1",
					"$(inherited)",
				);
				INFOPLIST_FILE = FoosBallTests/Info.plist;
				LD_RUNPATH_SEARCH_PATHS = "$(inherited) @executable_path/Frameworks @loader_path/Frameworks";
				PRODUCT_NAME = "$(TARGET_NAME)";
				TEST_HOST = "$(BUILT_PRODUCTS_DIR)/FoosBall.app/FoosBall";
			};
			name = Debug;
		};
		1ABE05BC1B0C404800329298 /* Release */ = {
			isa = XCBuildConfiguration;
			buildSettings = {
				BUNDLE_LOADER = "$(TEST_HOST)";
				FRAMEWORK_SEARCH_PATHS = (
					"$(SDKROOT)/Developer/Library/Frameworks",
					"$(inherited)",
				);
				INFOPLIST_FILE = FoosBallTests/Info.plist;
				LD_RUNPATH_SEARCH_PATHS = "$(inherited) @executable_path/Frameworks @loader_path/Frameworks";
				PRODUCT_NAME = "$(TARGET_NAME)";
				TEST_HOST = "$(BUILT_PRODUCTS_DIR)/FoosBall.app/FoosBall";
			};
			name = Release;
		};
/* End XCBuildConfiguration section */

/* Begin XCConfigurationList section */
		1ABE058F1B0C404800329298 /* Build configuration list for PBXProject "FoosBall" */ = {
			isa = XCConfigurationList;
			buildConfigurations = (
				1ABE05B51B0C404800329298 /* Debug */,
				1ABE05B61B0C404800329298 /* Release */,
			);
			defaultConfigurationIsVisible = 0;
			defaultConfigurationName = Release;
		};
		1ABE05B71B0C404800329298 /* Build configuration list for PBXNativeTarget "FoosBall" */ = {
			isa = XCConfigurationList;
			buildConfigurations = (
				1ABE05B81B0C404800329298 /* Debug */,
				1ABE05B91B0C404800329298 /* Release */,
			);
			defaultConfigurationIsVisible = 0;
		};
		1ABE05BA1B0C404800329298 /* Build configuration list for PBXNativeTarget "FoosBallTests" */ = {
			isa = XCConfigurationList;
			buildConfigurations = (
				1ABE05BB1B0C404800329298 /* Debug */,
				1ABE05BC1B0C404800329298 /* Release */,
			);
			defaultConfigurationIsVisible = 0;
		};
/* End XCConfigurationList section */
	};
	rootObject = 1ABE058C1B0C404800329298 /* Project object */;
}
